{
    "_meta": {
        "hash": {
            "sha256": "70945b3405c057ccdde7f0e8c5805baeb6b5e997b58a795f9be58181f0963e31"
        },
        "pipfile-spec": 6,
        "requires": {
            "python_version": "3.7"
        },
        "sources": [
            {
                "name": "pypi",
                "url": "https://pypi.org/simple",
                "verify_ssl": true
            }
        ]
    },
    "default": {
        "configobj": {
            "hashes": [
                "sha256:6f704434a07dc4f4dc7c9a745172c1cad449feb548febd9f7fe362629c627a97",
                "sha256:a7a8c6ab7daade85c3f329931a807c8aee750a2494363934f8ea84d8a54c87ea",
                "sha256:d808d7e04e6f81fbb23d5ac2cd50e69ccbee58eaf9360eb89ede22d93216a314"
            ],
            "index": "pypi",
            "markers": "python_version >= '2.7' and python_version not in '3.0, 3.1, 3.2, 3.3, 3.4'",
            "version": "==5.0.8"
        },
        "six": {
            "hashes": [
                "sha256:1e61c37477a1626458e36f7b1d82aa5c9b094fa4802892072e49de9c60c4c926",
                "sha256:8abb2f1d86890a2dfb989f9a77cfcfd3e47c2a354b01111771326f8aa26e0254"
            ],
            "markers": "python_version >= '2.7' and python_version not in '3.0, 3.1, 3.2'",
            "version": "==1.16.0"
        }
    },
    "develop": {}
}
